
Microsoft Visual Studio Solution File, Format Version 12.00
# Visual Studio Version 17
VisualStudioVersion = 17.8.34511.84
MinimumVisualStudioVersion = 10.0.40219.1
Project("{FAE04EC0-301F-11D3-BF4B-00C04F79EFBC}") = "Taurus.RegistryCenter", "Taurus.RegistryCenter.csproj", "{66671C80-57F7-4480-BAE2-B90A6E54F1FF}"
EndProject
Global
	GlobalSection(SolutionConfigurationPlatforms) = preSolution
		Debug|Any CPU = Debug|Any CPU
		Release|Any CPU = Release|Any CPU
	EndGlobalSection
	GlobalSection(ProjectConfigurationPlatforms) = postSolution
		{66671C80-57F7-4480-BAE2-B90A6E54F1FF}.Debug|Any CPU.ActiveCfg = Debug|Any CPU
		{66671C80-57F7-4480-BAE2-B90A6E54F1FF}.Debug|Any CPU.Build.0 = Debug|Any CPU
		{66671C80-57F7-4480-BAE2-B90A6E54F1FF}.Release|Any CPU.ActiveCfg = Release|Any CPU
		{66671C80-57F7-4480-BAE2-B90A6E54F1FF}.Release|Any CPU.Build.0 = Release|Any CPU
	EndGlobalSection
	GlobalSection(SolutionProperties) = preSolution
		HideSolutionNode = FALSE
	EndGlobalSection
	GlobalSection(ExtensibilityGlobals) = postSolution
		SolutionGuid = {D9803971-DC11-4001-982E-56F6F4879E80}
	EndGlobalSection
EndGlobal
